Microsoft Visual Studio Solution File, Format Version 12.00
# Visual Studio Version 17
VisualStudioVersion = 17.5.2.0
MinimumVisualStudioVersion = 10.0.40219.1
Project("{FAE04EC0-301F-11D3-BF4B-00C04F79EFBC}") = "final-project-1400", "final-project-1400.csproj", "{5F0138D6-46A3-5162-3E16-7BD9951DDC99}"
EndProject
Global
	GlobalSection(SolutionConfigurationPlatforms) = preSolution
		Debug|Any CPU = Debug|Any CPU
		Release|Any CPU = Release|Any CPU
	EndGlobalSection
	GlobalSection(ProjectConfigurationPlatforms) = postSolution
		{5F0138D6-46A3-5162-3E16-7BD9951DDC99}.Debug|Any CPU.ActiveCfg = Debug|Any CPU
		{5F0138D6-46A3-5162-3E16-7BD9951DDC99}.Debug|Any CPU.Build.0 = Debug|Any CPU
		{5F0138D6-46A3-5162-3E16-7BD9951DDC99}.Release|Any CPU.ActiveCfg = Release|Any CPU
		{5F0138D6-46A3-5162-3E16-7BD9951DDC99}.Release|Any CPU.Build.0 = Release|Any CPU
	EndGlobalSection
	GlobalSection(SolutionProperties) = preSolution
		HideSolutionNode = FALSE
	EndGlobalSection
	GlobalSection(ExtensibilityGlobals) = postSolution
		SolutionGuid = {1995C4A0-236D-44A3-959B-5AC16C17ED7B}
	EndGlobalSection
EndGlobal
